{
  "name": "prj1-sol",
  "version": "1.0.0",
  "lockfileVersion": 3,
  "requires": true,
  "packages": {
    "": {
      "name": "prj1-sol",
      "version": "1.0.0",
      "license": "ISC",
      "dependencies": {
        "cs544-js-utils": "https://sunybing:sunybing@zdu.binghamton.edu/cs544/lib/cs544-js-utils-0.0.1.tgz",
        "cs544-node-utils": "https://sunybing:sunybing@zdu.binghamton.edu/cs544/lib/cs544-node-utils-0.0.1.tgz"
      }
    },
    "node_modules/cs544-js-utils": {
      "version": "0.0.1",
      "resolved": "https://sunybing:sunybing@zdu.binghamton.edu/cs544/lib/cs544-js-utils-0.0.1.tgz",
      "integrity": "sha512-Fs1AGxIZild1zJpAJ4b9rtbj8BsNjPMKMr/yFi+5rCYzddyXYR4S7KGDZ7x1sHRoPoybY4cUMAX0mzn23xrFwQ==",
      "license": "ISC"
    },
    "node_modules/cs544-node-utils": {
      "version": "0.0.1",
      "resolved": "https://sunybing:sunybing@zdu.binghamton.edu/cs544/lib/cs544-node-utils-0.0.1.tgz",
      "integrity": "sha512-8VPoXfyVmO6kIoEAN5ieOzkZ9sdk148pOj4fppTJBRRbV4raN7NsP7pgfU31EkHvDpGfa0REKfmLMQLUnYNQmQ==",
      "license": "ISC",
      "dependencies": {
        "cs544-js-utils": "https://sunybing:sunybing@zdu.binghamton.edu/cs544/lib/cs544-js-utils-0.0.1.tgz"
      }
    }
  }
}
